
Microsoft Visual Studio Solution File, Format Version 12.00
# Visual Studio 15
VisualStudioVersion = 15.0.27130.0
MinimumVisualStudioVersion = 10.0.40219.1
Project("{FAE04EC0-301F-11D3-BF4B-00C04F79EFBC}") = "EjemploJsonXamarin", "EjemploJsonXamarin\EjemploJsonXamarin.csproj", "{D36AA0AA-957F-46A0-AC3B-08434EA746EE}"
EndProject
Global
	GlobalSection(SolutionConfigurationPlatforms) = preSolution
		Debug|Any CPU = Debug|Any CPU
		Release|Any CPU = Release|Any CPU
	EndGlobalSection
	GlobalSection(ProjectConfigurationPlatforms) = postSolution
		{D36AA0AA-957F-46A0-AC3B-08434EA746EE}.Debug|Any CPU.ActiveCfg = Debug|Any CPU
		{D36AA0AA-957F-46A0-AC3B-08434EA746EE}.Debug|Any CPU.Build.0 = Debug|Any CPU
		{D36AA0AA-957F-46A0-AC3B-08434EA746EE}.Debug|Any CPU.Deploy.0 = Debug|Any CPU
		{D36AA0AA-957F-46A0-AC3B-08434EA746EE}.Release|Any CPU.ActiveCfg = Release|Any CPU
		{D36AA0AA-957F-46A0-AC3B-08434EA746EE}.Release|Any CPU.Build.0 = Release|Any CPU
		{D36AA0AA-957F-46A0-AC3B-08434EA746EE}.Release|Any CPU.Deploy.0 = Release|Any CPU
	EndGlobalSection
	GlobalSection(SolutionProperties) = preSolution
		HideSolutionNode = FALSE
	EndGlobalSection
	GlobalSection(ExtensibilityGlobals) = postSolution
		SolutionGuid = {B51A357B-D549-443A-8AB9-A8CEFB5E5F85}
	EndGlobalSection
EndGlobal
